
Microsoft Visual Studio Solution File, Format Version 12.00
# Visual Studio Version 17
VisualStudioVersion = 17.5.33530.505
MinimumVisualStudioVersion = 10.0.40219.1
Project("{FAE04EC0-301F-11D3-BF4B-00C04F79EFBC}") = "Jurnal MOD 9 1302213072", "Jurnal MOD 9 1302213072.csproj", "{DC0BBB97-B333-4B93-A7EC-D694FE2811A4}"
EndProject
Global
	GlobalSection(SolutionConfigurationPlatforms) = preSolution
		Debug|Any CPU = Debug|Any CPU
		Release|Any CPU = Release|Any CPU
	EndGlobalSection
	GlobalSection(ProjectConfigurationPlatforms) = postSolution
		{DC0BBB97-B333-4B93-A7EC-D694FE2811A4}.Debug|Any CPU.ActiveCfg = Debug|Any CPU
		{DC0BBB97-B333-4B93-A7EC-D694FE2811A4}.Debug|Any CPU.Build.0 = Debug|Any CPU
		{DC0BBB97-B333-4B93-A7EC-D694FE2811A4}.Release|Any CPU.ActiveCfg = Release|Any CPU
		{DC0BBB97-B333-4B93-A7EC-D694FE2811A4}.Release|Any CPU.Build.0 = Release|Any CPU
	EndGlobalSection
	GlobalSection(SolutionProperties) = preSolution
		HideSolutionNode = FALSE
	EndGlobalSection
	GlobalSection(ExtensibilityGlobals) = postSolution
		SolutionGuid = {BEA88080-E348-4D0E-8E77-F8FBAA67A86B}
	EndGlobalSection
EndGlobal
